
Microsoft Visual Studio Solution File, Format Version 12.00
# Visual Studio 15
VisualStudioVersion = 15.0.26124.0
MinimumVisualStudioVersion = 15.0.26124.0
Project("{FAE04EC0-301F-11D3-BF4B-00C04F79EFBC}") = "NonDivisibleSubset", "NonDivisibleSubset\NonDivisibleSubset.csproj", "{200E925C-9733-40A0-BE48-E41CFB90F408}"
EndProject
Project("{FAE04EC0-301F-11D3-BF4B-00C04F79EFBC}") = "QueensAttackTwo", "QueensAttackTwo\QueensAttackTwo.csproj", "{738CF5FF-F94F-4EC6-9D4E-D23A54B71843}"
EndProject
Global
	GlobalSection(SolutionConfigurationPlatforms) = preSolution
		Debug|Any CPU = Debug|Any CPU
		Debug|x64 = Debug|x64
		Debug|x86 = Debug|x86
		Release|Any CPU = Release|Any CPU
		Release|x64 = Release|x64
		Release|x86 = Release|x86
	EndGlobalSection
	GlobalSection(SolutionProperties) = preSolution
		HideSolutionNode = FALSE
	EndGlobalSection
	GlobalSection(ProjectConfigurationPlatforms) = postSolution
		{200E925C-9733-40A0-BE48-E41CFB90F408}.Debug|Any CPU.ActiveCfg = Debug|Any CPU
		{200E925C-9733-40A0-BE48-E41CFB90F408}.Debug|Any CPU.Build.0 = Debug|Any CPU
		{200E925C-9733-40A0-BE48-E41CFB90F408}.Debug|x64.ActiveCfg = Debug|Any CPU
		{200E925C-9733-40A0-BE48-E41CFB90F408}.Debug|x64.Build.0 = Debug|Any CPU
		{200E925C-9733-40A0-BE48-E41CFB90F408}.Debug|x86.ActiveCfg = Debug|Any CPU
		{200E925C-9733-40A0-BE48-E41CFB90F408}.Debug|x86.Build.0 = Debug|Any CPU
		{200E925C-9733-40A0-BE48-E41CFB90F408}.Release|Any CPU.ActiveCfg = Release|Any CPU
		{200E925C-9733-40A0-BE48-E41CFB90F408}.Release|Any CPU.Build.0 = Release|Any CPU
		{200E925C-9733-40A0-BE48-E41CFB90F408}.Release|x64.ActiveCfg = Release|Any CPU
		{200E925C-9733-40A0-BE48-E41CFB90F408}.Release|x64.Build.0 = Release|Any CPU
		{200E925C-9733-40A0-BE48-E41CFB90F408}.Release|x86.ActiveCfg = Release|Any CPU
		{200E925C-9733-40A0-BE48-E41CFB90F408}.Release|x86.Build.0 = Release|Any CPU
		{738CF5FF-F94F-4EC6-9D4E-D23A54B71843}.Debug|Any CPU.ActiveCfg = Debug|Any CPU
		{738CF5FF-F94F-4EC6-9D4E-D23A54B71843}.Debug|Any CPU.Build.0 = Debug|Any CPU
		{738CF5FF-F94F-4EC6-9D4E-D23A54B71843}.Debug|x64.ActiveCfg = Debug|Any CPU
		{738CF5FF-F94F-4EC6-9D4E-D23A54B71843}.Debug|x64.Build.0 = Debug|Any CPU
		{738CF5FF-F94F-4EC6-9D4E-D23A54B71843}.Debug|x86.ActiveCfg = Debug|Any CPU
		{738CF5FF-F94F-4EC6-9D4E-D23A54B71843}.Debug|x86.Build.0 = Debug|Any CPU
		{738CF5FF-F94F-4EC6-9D4E-D23A54B71843}.Release|Any CPU.ActiveCfg = Release|Any CPU
		{738CF5FF-F94F-4EC6-9D4E-D23A54B71843}.Release|Any CPU.Build.0 = Release|Any CPU
		{738CF5FF-F94F-4EC6-9D4E-D23A54B71843}.Release|x64.ActiveCfg = Release|Any CPU
		{738CF5FF-F94F-4EC6-9D4E-D23A54B71843}.Release|x64.Build.0 = Release|Any CPU
		{738CF5FF-F94F-4EC6-9D4E-D23A54B71843}.Release|x86.ActiveCfg = Release|Any CPU
		{738CF5FF-F94F-4EC6-9D4E-D23A54B71843}.Release|x86.Build.0 = Release|Any CPU
	EndGlobalSection
EndGlobal
